PODS:
  - Alamofire (5.2.2)
  - Kingfisher (5.13.4):
    - Kingfisher/Core (= 5.13.4)
  - Kingfisher/Core (5.13.4)
  - Moya/Core (14.0.0):
    - Alamofire (~> 5.0)
  - Moya/RxSwift (14.0.0):
    - Moya/Core
    - RxSwift (~> 5.0)
  - RxCocoa (5.1.1):
    - RxRelay (~> 5)
    - RxSwift (~> 5)
  - RxRelay (5.1.1):
    - RxSwift (~> 5)
  - RxSwift (5.1.1)
  - SkeletonView (1.8.7)

DEPENDENCIES:
  - Kingfisher (= 5.13.4)
  - Moya/RxSwift (= 14.0.0)
  - RxCocoa (= 5.1.1)
  - RxSwift (= 5.1.1)
  - SkeletonView (= 1.8.7)

SPEC REPOS:
  trunk:
    - Alamofire
    - Kingfisher
    - Moya
    - RxCocoa
    - RxRelay
    - RxSwift
    - SkeletonView

SPEC CHECKSUMS:
  Alamofire: 814429acc853c6c54ff123fc3d2ef66803823ce0
  Kingfisher: d2279a7abece3c7f25a80cd2b7f363ca5cf3f44c
  Moya: 5b45dacb75adb009f97fde91c204c1e565d31916
  RxCocoa: 32065309a38d29b5b0db858819b5bf9ef038b601
  RxRelay: d77f7d771495f43c556cbc43eebd1bb54d01e8e9
  RxSwift: 81470a2074fa8780320ea5fe4102807cb7118178
  SkeletonView: ba5370f41280b2f0a76918bb143c1294232bb4f4

PODFILE CHECKSUM: 2fa2feffcbef8eb7300aa280d2b635d2b1c81d17

COCOAPODS: 1.9.3
